{
  "name": "@agenttrace-io/sdk",
  "version": "0.2.1",
  "lockfileVersion": 3,
  "requires": true,
  "packages": {
    "": {
      "name": "@agenttrace-io/sdk",
      "version": "0.2.1",
      "license": "MIT",
      "dependencies": {
        "sql.js": "^1.14.1"
      },
      "devDependencies": {
        "@types/better-sqlite3": "^7.6.11"
      },
      "peerDependencies": {
        "better-sqlite3": "^11.0.0"
      },
      "peerDependenciesMeta": {
        "better-sqlite3": {
          "optional": true
        }
      }
    },
    "../../node_modules/.pnpm/@types+better-sqlite3@7.6.13/node_modules/@types/better-sqlite3": {
      "version": "7.6.13",
      "dev": true,
      "license": "MIT",
      "dependencies": {
        "@types/node": "*"
      }
    },
    "../../node_modules/.pnpm/better-sqlite3@11.10.0/node_modules/better-sqlite3": {
      "version": "11.10.0",
      "hasInstallScript": true,
      "license": "MIT",
      "optional": true,
      "peer": true,
      "dependencies": {
        "bindings": "^1.5.0",
        "prebuild-install": "^7.1.1"
      },
      "devDependencies": {
        "chai": "^4.3.8",
        "cli-color": "^2.0.3",
        "fs-extra": "^11.1.1",
        "mocha": "^10.2.0",
        "nodemark": "^0.3.0",
        "prebuild": "^13.0.1",
        "sqlite": "^5.0.1",
        "sqlite3": "^5.1.6"
      }
    },
    "node_modules/@types/better-sqlite3": {
      "resolved": "../../node_modules/.pnpm/@types+better-sqlite3@7.6.13/node_modules/@types/better-sqlite3",
      "link": true
    },
    "node_modules/better-sqlite3": {
      "resolved": "../../node_modules/.pnpm/better-sqlite3@11.10.0/node_modules/better-sqlite3",
      "link": true
    },
    "node_modules/sql.js": {
      "version": "1.14.1",
      "resolved": "https://registry.npmjs.org/sql.js/-/sql.js-1.14.1.tgz",
      "integrity": "sha512-gcj8zBWU5cFsi9WUP+4bFNXAyF1iRpA3LLyS/DP5xlrNzGmPIizUeBggKa8DbDwdqaKwUcTEnChtd2grWo/x/A==",
      "license": "MIT"
    }
  }
}
